// !$*UTF8*$!
{
	archiveVersion = 1;
	classes = {
	};
	objectVersion = 55;
	objects = {

/* Begin PBXBuildFile section */
		EDB20FB52818C0CE006E7531 /* AppDelegate.swift in Sources */ = {isa = PBXBuildFile; fileRef = EDB20FB42818C0CE006E7531 /* AppDelegate.swift */; };
		EDB20FB72818C0CE006E7531 /* SceneDelegate.swift in Sources */ = {isa = PBXBuildFile; fileRef = EDB20FB62818C0CE006E7531 /* SceneDelegate.swift */; };
		EDB20FB92818C0CE006E7531 /* ViewController.swift in Sources */ = {isa = PBXBuildFile; fileRef = EDB20FB82818C0CE006E7531 /* ViewController.swift */; };
		EDB20FBC2818C0CE006E7531 /* Main.storyboard in Resources */ = {isa = PBXBuildFile; fileRef = EDB20FBA2818C0CE006E7531 /* Main.storyboard */; };
		EDB20FBE2818C0D2006E7531 /* Assets.xcassets in Resources */ = {isa = PBXBuildFile; fileRef = EDB20FBD2818C0D2006E7531 /* Assets.xcassets */; };
		EDB20FC12818C0D2006E7531 /* LaunchScreen.storyboard in Resources */ = {isa = PBXBuildFile; fileRef = EDB20FBF2818C0D2006E7531 /* LaunchScreen.storyboard */; };
		EDB20FF3281F9E84006E7531 /* Player.swift in Sources */ = {isa = PBXBuildFile; fileRef = EDB20FF2281F9E84006E7531 /* Player.swift */; };
		EDB20FF5281FA37B006E7531 /* PlayerTableViewCell.swift in Sources */ = {isa = PBXBuildFile; fileRef = EDB20FF4281FA37B006E7531 /* PlayerTableViewCell.swift */; };
		EDB20FF7281FBD0B006E7531 /* HistoryViewController.swift in Sources */ = {isa = PBXBuildFile; fileRef = EDB20FF6281FBD0B006E7531 /* HistoryViewController.swift */; };
/* End PBXBuildFile section */

/* Begin PBXFileReference section */
		EDB20FB12818C0CE006E7531 /* lifecounterv2.app */ = {isa = PBXFileReference; explicitFileType = wrapper.application; includeInIndex = 0; path = lifecounterv2.app; sourceTree = BUILT_PRODUCTS_DIR; };
		EDB20FB42818C0CE006E7531 /* AppDelegate.swift */ = {isa = PBXFileReference; lastKnownFileType = sourcecode.swift; path = AppDelegate.swift; sourceTree = "<group>"; };
		EDB20FB62818C0CE006E7531 /* SceneDelegate.swift */ = {isa = PBXFileReference; lastKnownFileType = sourcecode.swift; path = SceneDelegate.swift; sourceTree = "<group>"; };
		EDB20FB82818C0CE006E7531 /* ViewController.swift */ = {isa = PBXFileReference; lastKnownFileType = sourcecode.swift; path = ViewController.swift; sourceTree = "<group>"; };
		EDB20FBB2818C0CE006E7531 /* Base */ = {isa = PBXFileReference; lastKnownFileType = file.storyboard; name = Base; path = Base.lproj/Main.storyboard; sourceTree = "<group>"; };
		EDB20FBD2818C0D2006E7531 /* Assets.xcassets */ = {isa = PBXFileReference; lastKnownFileType = folder.assetcatalog; path = Assets.xcassets; sourceTree = "<group>"; };
		EDB20FC02818C0D2006E7531 /* Base */ = {isa = PBXFileReference; lastKnownFileType = file.storyboard; name = Base; path = Base.lproj/LaunchScreen.storyboard; sourceTree = "<group>"; };
		EDB20FC22818C0D2006E7531 /* Info.plist */ = {isa = PBXFileReference; lastKnownFileType = text.plist.xml; path = Info.plist; sourceTree = "<group>"; };
		EDB20FF2281F9E84006E7531 /* Player.swift */ = {isa = PBXFileReference; lastKnownFileType = sourcecode.swift; path = Player.swift; sourceTree = "<group>"; };
		EDB20FF4281FA37B006E7531 /* PlayerTableViewCell.swift */ = {isa = PBXFileReference; lastKnownFileType = sourcecode.swift; path = PlayerTableViewCell.swift; sourceTree = "<group>"; };
		EDB20FF6281FBD0B006E7531 /* HistoryViewController.swift */ = {isa = PBXFileReference; lastKnownFileType = sourcecode.swift; path = HistoryViewController.swift; sourceTree = "<group>"; };
/* End PBXFileReference section */

/* Begin PBXFrameworksBuildPhase section */
		EDB20FAE2818C0CE006E7531 /* Frameworks */ = {
			isa = PBXFrameworksBuildPhase;
			buildActionMask = 2147483647;
			files = (
			);
			runOnlyForDeploymentPostprocessing = 0;
		};
/* End PBXFrameworksBuildPhase section */

/* Begin PBXGroup section */
		EDB20FA82818C0CD006E7531 = {
			isa = PBXGroup;
			children = (
				EDB20FB32818C0CE006E7531 /* lifecounterv2 */,
				EDB20FB22818C0CE006E7531 /* Products */,
			);
			sourceTree = "<group>";
		};
		EDB20FB22818C0CE006E7531 /* Products */ = {
			isa = PBXGroup;
			children = (
				EDB20FB12818C0CE006E7531 /* lifecounterv2.app */,
			);
			name = Products;
			sourceTree = "<group>";
		};
		EDB20FB32818C0CE006E7531 /* lifecounterv2 */ = {
			isa = PBXGroup;
			children = (
				EDB20FB42818C0CE006E7531 /* AppDelegate.swift */,
				EDB20FB62818C0CE006E7531 /* SceneDelegate.swift */,
				EDB20FB82818C0CE006E7531 /* ViewController.swift */,
				EDB20FF6281FBD0B006E7531 /* HistoryViewController.swift */,
				EDB20FF4281FA37B006E7531 /* PlayerTableViewCell.swift */,
				EDB20FF2281F9E84006E7531 /* Player.swift */,
				EDB20FBA2818C0CE006E7531 /* Main.storyboard */,
				EDB20FBD2818C0D2006E7531 /* Assets.xcassets */,
				EDB20FBF2818C0D2006E7531 /* LaunchScreen.storyboard */,
				EDB20FC22818C0D2006E7531 /* Info.plist */,
			);
			path = lifecounterv2;
			sourceTree = "<group>";
		};
/* End PBXGroup section */

/* Begin PBXNativeTarget section */
		EDB20FB02818C0CE006E7531 /* lifecounterv2 */ = {
			isa = PBXNativeTarget;
			buildConfigurationList = EDB20FC52818C0D2006E7531 /* Build configuration list for PBXNativeTarget "lifecounterv2" */;
			buildPhases = (
				EDB20FAD2818C0CE006E7531 /* Sources */,
				EDB20FAE2818C0CE006E7531 /* Frameworks */,
				EDB20FAF2818C0CE006E7531 /* Resources */,
			);
			buildRules = (
			);
			dependencies = (
			);
			name = lifecounterv2;
			productName = lifecounterv2;
			productReference = EDB20FB12818C0CE006E7531 /* lifecounterv2.app */;
			productType = "com.apple.product-type.application";
		};
/* End PBXNativeTarget section */

/* Begin PBXProject section */
		EDB20FA92818C0CD006E7531 /* Project object */ = {
			isa = PBXProject;
			attributes = {
				BuildIndependentTargetsInParallel = 1;
				LastSwiftUpdateCheck = 1330;
				LastUpgradeCheck = 1330;
				TargetAttributes = {
					EDB20FB02818C0CE006E7531 = {
						CreatedOnToolsVersion = 13.3.1;
					};
				};
			};
			buildConfigurationList = EDB20FAC2818C0CD006E7531 /* Build configuration list for PBXProject "lifecounterv2" */;
			compatibilityVersion = "Xcode 13.0";
			developmentRegion = en;
			hasScannedForEncodings = 0;
			knownRegions = (
				en,
				Base,
			);
			mainGroup = EDB20FA82818C0CD006E7531;
			productRefGroup = EDB20FB22818C0CE006E7531 /* Products */;
			projectDirPath = "";
			projectRoot = "";
			targets = (
				EDB20FB02818C0CE006E7531 /* lifecounterv2 */,
			);
		};
/* End PBXProject section */

/* Begin PBXResourcesBuildPhase section */
		EDB20FAF2818C0CE006E7531 /* Resources */ = {
			isa = PBXResourcesBuildPhase;
			buildActionMask = 2147483647;
			files = (
				EDB20FC12818C0D2006E7531 /* LaunchScreen.storyboard in Resources */,
				EDB20FBE2818C0D2006E7531 /* Assets.xcassets in Resources */,
				EDB20FBC2818C0CE006E7531 /* Main.storyboard in Resources */,
			);
			runOnlyForDeploymentPostprocessing = 0;
		};
/* End PBXResourcesBuildPhase section */

/* Begin PBXSourcesBuildPhase section */
		EDB20FAD2818C0CE006E7531 /* Sources */ = {
			isa = PBXSourcesBuildPhase;
			buildActionMask = 2147483647;
			files = (
				EDB20FB92818C0CE006E7531 /* ViewController.swift in Sources */,
				EDB20FB52818C0CE006E7531 /* AppDelegate.swift in Sources */,
				EDB20FF5281FA37B006E7531 /* PlayerTableViewCell.swift in Sources */,
				EDB20FF7281FBD0B006E7531 /* HistoryViewController.swift in Sources */,
				EDB20FF3281F9E84006E7531 /* Player.swift in Sources */,
				EDB20FB72818C0CE006E7531 /* SceneDelegate.swift in Sources */,
			);
			runOnlyForDeploymentPostprocessing = 0;
		};
/* End PBXSourcesBuildPhase section */

/* Begin PBXVariantGroup section */
		EDB20FBA2818C0CE006E7531 /* Main.storyboard */ = {
			isa = PBXVariantGroup;
			children = (
				EDB20FBB2818C0CE006E7531 /* Base */,
			);
			name = Main.storyboard;
			sourceTree = "<group>";
		};
		EDB20FBF2818C0D2006E7531 /* LaunchScreen.storyboard */ = {
			isa = PBXVariantGroup;
			children = (
				EDB20FC02818C0D2006E7531 /* Base */,
			);
			name = LaunchScreen.storyboard;
			sourceTree = "<group>";
		};
/* End PBXVariantGroup section */

/* Begin XCBuildConfiguration section */
		EDB20FC32818C0D2006E7531 /* Debug */ = {
			isa = XCBuildConfiguration;
			buildSettings = {
				ALWAYS_SEARCH_USER_PATHS = NO;
				CLANG_ANALYZER_NONNULL = YES;
				CLANG_ANALYZER_NUMBER_OBJECT_CONVERSION = YES_AGGRESSIVE;
				CLANG_CXX_LANGUAGE_STANDARD = "gnu++17";
				CLANG_ENABLE_MODULES = YES;
				CLANG_ENABLE_OBJC_ARC = YES;
				CLANG_ENABLE_OBJC_WEAK = YES;
				CLANG_WARN_BLOCK_CAPTURE_AUTORELEASING = YES;
				CLANG_WARN_BOOL_CONVERSION = YES;
				CLANG_WARN_COMMA = YES;
				CLANG_WARN_CONSTANT_CONVERSION = YES;
				CLANG_WARN_DEPRECATED_OBJC_IMPLEMENTATIONS = YES;
				CLANG_WARN_DIRECT_OBJC_ISA_USAGE = YES_ERROR;
				CLANG_WARN_DOCUMENTATION_COMMENTS = YES;
				CLANG_WARN_EMPTY_BODY = YES;
				CLANG_WARN_ENUM_CONVERSION = YES;
				CLANG_WARN_INFINITE_RECURSION = YES;
				CLANG_WARN_INT_CONVERSION = YES;
				CLANG_WARN_NON_LITERAL_NULL_CONVERSION = YES;
				CLANG_WARN_OBJC_IMPLICIT_RETAIN_SELF = YES;
				CLANG_WARN_OBJC_LITERAL_CONVERSION = YES;
				CLANG_WARN_OBJC_ROOT_CLASS = YES_ERROR;
				CLANG_WARN_QUOTED_INCLUDE_IN_FRAMEWORK_HEADER = YES;
				CLANG_WARN_RANGE_LOOP_ANALYSIS = YES;
				CLANG_WARN_STRICT_PROTOTYPES = YES;
				CLANG_WARN_SUSPICIOUS_MOVE = YES;
				CLANG_WARN_UNGUARDED_AVAILABILITY = YES_AGGRESSIVE;
				CLANG_WARN_UNREACHABLE_CODE = YES;
				CLANG_WARN__DUPLICATE_METHOD_MATCH = YES;
				COPY_PHASE_STRIP = NO;
				DEBUG_INFORMATION_FORMAT = dwarf;
				ENABLE_STRICT_OBJC_MSGSEND = YES;
				ENABLE_TESTABILITY = YES;
				GCC_C_LANGUAGE_STANDARD = gnu11;
				GCC_DYNAMIC_NO_PIC = NO;
				GCC_NO_COMMON_BLOCKS = YES;
				GCC_OPTIMIZATION_LEVEL = 0;
				GCC_PREPROCESSOR_DEFINITIONS = (
					"DEBUG=1",
					"$(inherited)",
				);
				GCC_WARN_64_TO_32_BIT_CONVERSION = YES;
				GCC_WARN_ABOUT_RETURN_TYPE = YES_ERROR;
				GCC_WARN_UNDECLARED_SELECTOR = YES;
				GCC_WARN_UNINITIALIZED_AUTOS = YES_AGGRESSIVE;
				GCC_WARN_UNUSED_FUNCTION = YES;
				GCC_WARN_UNUSED_VARIABLE = YES;
				IPHONEOS_DEPLOYMENT_TARGET = 15.4;
				MTL_ENABLE_DEBUG_INFO = INCLUDE_SOURCE;
				MTL_FAST_MATH = YES;
				ONLY_ACTIVE_ARCH = YES;
				SDKROOT = iphoneos;
				SWIFT_ACTIVE_COMPILATION_CONDITIONS = DEBUG;
				SWIFT_OPTIMIZATION_LEVEL = "-Onone";
			};
			name = Debug;
		};
		EDB20FC42818C0D2006E7531 /* Release */ = {
			isa = XCBuildConfiguration;
			buildSettings = {
				ALWAYS_SEARCH_USER_PATHS = NO;
				CLANG_ANALYZER_NONNULL = YES;
				CLANG_ANALYZER_NUMBER_OBJECT_CONVERSION = YES_AGGRESSIVE;
				CLANG_CXX_LANGUAGE_STANDARD = "gnu++17";
				CLANG_ENABLE_MODULES = YES;
				CLANG_ENABLE_OBJC_ARC = YES;
				CLANG_ENABLE_OBJC_WEAK = YES;
				CLANG_WARN_BLOCK_CAPTURE_AUTORELEASING = YES;
				CLANG_WARN_BOOL_CONVERSION = YES;
				CLANG_WARN_COMMA = YES;
				CLANG_WARN_CONSTANT_CONVERSION = YES;
				CLANG_WARN_DEPRECATED_OBJC_IMPLEMENTATIONS = YES;
				CLANG_WARN_DIRECT_OBJC_ISA_USAGE = YES_ERROR;
				CLANG_WARN_DOCUMENTATION_COMMENTS = YES;
				CLANG_WARN_EMPTY_BODY = YES;
				CLANG_WARN_ENUM_CONVERSION = YES;
				CLANG_WARN_INFINITE_RECURSION = YES;
				CLANG_WARN_INT_CONVERSION = YES;
				CLANG_WARN_NON_LITERAL_NULL_CONVERSION = YES;
				CLANG_WARN_OBJC_IMPLICIT_RETAIN_SELF = YES;
				CLANG_WARN_OBJC_LITERAL_CONVERSION = YES;
				CLANG_WARN_OBJC_ROOT_CLASS = YES_ERROR;
				CLANG_WARN_QUOTED_INCLUDE_IN_FRAMEWORK_HEADER = YES;
				CLANG_WARN_RANGE_LOOP_ANALYSIS = YES;
				CLANG_WARN_STRICT_PROTOTYPES = YES;
				CLANG_WARN_SUSPICIOUS_MOVE = YES;
				CLANG_WARN_UNGUARDED_AVAILABILITY = YES_AGGRESSIVE;
				CLANG_WARN_UNREACHABLE_CODE = YES;
				CLANG_WARN__DUPLICATE_METHOD_MATCH = YES;
				COPY_PHASE_STRIP = NO;
				DEBUG_INFORMATION_FORMAT = "dwarf-with-dsym";
				ENABLE_NS_ASSERTIONS = NO;
				ENABLE_STRICT_OBJC_MSGSEND = YES;
				GCC_C_LANGUAGE_STANDARD = gnu11;
				GCC_NO_COMMON_BLOCKS = YES;
				GCC_WARN_64_TO_32_BIT_CONVERSION = YES;
				GCC_WARN_ABOUT_RETURN_TYPE = YES_ERROR;
				GCC_WARN_UNDECLARED_SELECTOR = YES;
				GCC_WARN_UNINITIALIZED_AUTOS = YES_AGGRESSIVE;
				GCC_WARN_UNUSED_FUNCTION = YES;
				GCC_WARN_UNUSED_VARIABLE = YES;
				IPHONEOS_DEPLOYMENT_TARGET = 15.4;
				MTL_ENABLE_DEBUG_INFO = NO;
				MTL_FAST_MATH = YES;
				SDKROOT = iphoneos;
				SWIFT_COMPILATION_MODE = wholemodule;
				SWIFT_OPTIMIZATION_LEVEL = "-O";
				VALIDATE_PRODUCT = YES;
			};
			name = Release;
		};
		EDB20FC62818C0D2006E7531 /* Debug */ = {
			isa = XCBuildConfiguration;
			buildSettings = {
				ASSETCATALOG_COMPILER_APPICON_NAME = AppIcon;
				ASSETCATALOG_COMPILER_GLOBAL_ACCENT_COLOR_NAME = AccentColor;
				CODE_SIGN_STYLE = Automatic;
				CURRENT_PROJECT_VERSION = 1;
				DEVELOPMENT_TEAM = 7XLWSDXFU2;
				GENERATE_INFOPLIST_FILE = YES;
				INFOPLIST_FILE = lifecounterv2/Info.plist;
				INFOPLIST_KEY_UIApplicationSupportsIndirectInputEvents = YES;
				INFOPLIST_KEY_UILaunchStoryboardName = LaunchScreen;
				INFOPLIST_KEY_UIMainStoryboardFile = Main;
				INFOPLIST_KEY_UISupportedInterfaceOrientations_iPad = "UIInterfaceOrientationPortrait UIInterfaceOrientationPortraitUpsideDown UIInterfaceOrientationLandscapeLeft UIInterfaceOrientationLandscapeRight";
				INFOPLIST_KEY_UISupportedInterfaceOrientations_iPhone = "UIInterfaceOrientationPortrait UIInterfaceOrientationLandscapeLeft UIInterfaceOrientationLandscapeRight";
				LD_RUNPATH_SEARCH_PATHS = (
					"$(inherited)",
					"@executable_path/Frameworks",
				);
				MARKETING_VERSION = 1.0;
				PRODUCT_BUNDLE_IDENTIFIER = com.jerrywu.lifecounterv2;
				PRODUCT_NAME = "$(TARGET_NAME)";
				SWIFT_EMIT_LOC_STRINGS = YES;
				SWIFT_VERSION = 5.0;
				TARGETED_DEVICE_FAMILY = "1,2";
			};
			name = Debug;
		};
		EDB20FC72818C0D2006E7531 /* Release */ = {
			isa = XCBuildConfiguration;
			buildSettings = {
				ASSETCATALOG_COMPILER_APPICON_NAME = AppIcon;
				ASSETCATALOG_COMPILER_GLOBAL_ACCENT_COLOR_NAME = AccentColor;
				CODE_SIGN_STYLE = Automatic;
				CURRENT_PROJECT_VERSION = 1;
				DEVELOPMENT_TEAM = 7XLWSDXFU2;
				GENERATE_INFOPLIST_FILE = YES;
				INFOPLIST_FILE = lifecounterv2/Info.plist;
				INFOPLIST_KEY_UIApplicationSupportsIndirectInputEvents = YES;
				INFOPLIST_KEY_UILaunchStoryboardName = LaunchScreen;
				INFOPLIST_KEY_UIMainStoryboardFile = Main;
				INFOPLIST_KEY_UISupportedInterfaceOrientations_iPad = "UIInterfaceOrientationPortrait UIInterfaceOrientationPortraitUpsideDown UIInterfaceOrientationLandscapeLeft UIInterfaceOrientationLandscapeRight";
				INFOPLIST_KEY_UISupportedInterfaceOrientations_iPhone = "UIInterfaceOrientationPortrait UIInterfaceOrientationLandscapeLeft UIInterfaceOrientationLandscapeRight";
				LD_RUNPATH_SEARCH_PATHS = (
					"$(inherited)",
					"@executable_path/Frameworks",
				);
				MARKETING_VERSION = 1.0;
				PRODUCT_BUNDLE_IDENTIFIER = com.jerrywu.lifecounterv2;
				PRODUCT_NAME = "$(TARGET_NAME)";
				SWIFT_EMIT_LOC_STRINGS = YES;
				SWIFT_VERSION = 5.0;
				TARGETED_DEVICE_FAMILY = "1,2";
			};
			name = Release;
		};
/* End XCBuildConfiguration section */

/* Begin XCConfigurationList section */
		EDB20FAC2818C0CD006E7531 /* Build configuration list for PBXProject "lifecounterv2" */ = {
			isa = XCConfigurationList;
			buildConfigurations = (
				EDB20FC32818C0D2006E7531 /* Debug */,
				EDB20FC42818C0D2006E7531 /* Release */,
			);
			defaultConfigurationIsVisible = 0;
			defaultConfigurationName = Release;
		};
		EDB20FC52818C0D2006E7531 /* Build configuration list for PBXNativeTarget "lifecounterv2" */ = {
			isa = XCConfigurationList;
			buildConfigurations = (
				EDB20FC62818C0D2006E7531 /* Debug */,
				EDB20FC72818C0D2006E7531 /* Release */,
			);
			defaultConfigurationIsVisible = 0;
			defaultConfigurationName = Release;
		};
/* End XCConfigurationList section */
	};
	rootObject = EDB20FA92818C0CD006E7531 /* Project object */;
}
